
Microsoft Visual Studio Solution File, Format Version 12.00
# Visual Studio Version 17
VisualStudioVersion = 17.12.35323.107
MinimumVisualStudioVersion = 10.0.40219.1
Project("{FAE04EC0-301F-11D3-BF4B-00C04F79EFBC}") = "01_MainSubjects", "01_MainSubjects\01_MainSubjects.csproj", "{1AD68B0A-AE3A-4233-AD77-E6F44FD57E27}"
EndProject
Project("{FAE04EC0-301F-11D3-BF4B-00C04F79EFBC}") = "02_Variables", "02_Variables\02_Variables.csproj", "{CA5B367B-39AF-4814-B205-279AA520CCC0}"
EndProject
Project("{FAE04EC0-301F-11D3-BF4B-00C04F79EFBC}") = "03_MakingDecision", "03_MakingDecision\03_MakingDecision.csproj", "{2343E5C1-E532-4DF8-BEF9-DD2D53007B03}"
EndProject
Project("{FAE04EC0-301F-11D3-BF4B-00C04F79EFBC}") = "04_Loops", "04_Loops\04_Loops.csproj", "{111EE124-705D-4727-8FCC-8603059B98D5}"
EndProject
Project("{FAE04EC0-301F-11D3-BF4B-00C04F79EFBC}") = "05_LoopsWithStars", "05_LoopsWithStars\05_LoopsWithStars.csproj", "{0B705110-4003-4889-BE03-3F42A7DF51D1}"
EndProject
Project("{FAE04EC0-301F-11D3-BF4B-00C04F79EFBC}") = "06_Arrays", "06_Arrays\06_Arrays.csproj", "{4D992FF3-975C-49FB-9FA2-F9F450807A65}"
EndProject
Project("{FAE04EC0-301F-11D3-BF4B-00C04F79EFBC}") = "07_ForeachLopp", "07_ForeachLopp\07_ForeachLopp.csproj", "{E8B4ACF6-4E1A-428F-969B-821D26C8E3EA}"
EndProject
Project("{FAE04EC0-301F-11D3-BF4B-00C04F79EFBC}") = "08_Methods", "08_Methods\08_Methods.csproj", "{58A752B5-486F-4F9A-9D6D-8C5EA772C54D}"
EndProject
Global
	GlobalSection(SolutionConfigurationPlatforms) = preSolution
		Debug|Any CPU = Debug|Any CPU
		Release|Any CPU = Release|Any CPU
	EndGlobalSection
	GlobalSection(ProjectConfigurationPlatforms) = postSolution
		{1AD68B0A-AE3A-4233-AD77-E6F44FD57E27}.Debug|Any CPU.ActiveCfg = Debug|Any CPU
		{1AD68B0A-AE3A-4233-AD77-E6F44FD57E27}.Debug|Any CPU.Build.0 = Debug|Any CPU
		{1AD68B0A-AE3A-4233-AD77-E6F44FD57E27}.Release|Any CPU.ActiveCfg = Release|Any CPU
		{1AD68B0A-AE3A-4233-AD77-E6F44FD57E27}.Release|Any CPU.Build.0 = Release|Any CPU
		{CA5B367B-39AF-4814-B205-279AA520CCC0}.Debug|Any CPU.ActiveCfg = Debug|Any CPU
		{CA5B367B-39AF-4814-B205-279AA520CCC0}.Debug|Any CPU.Build.0 = Debug|Any CPU
		{CA5B367B-39AF-4814-B205-279AA520CCC0}.Release|Any CPU.ActiveCfg = Release|Any CPU
		{CA5B367B-39AF-4814-B205-279AA520CCC0}.Release|Any CPU.Build.0 = Release|Any CPU
		{2343E5C1-E532-4DF8-BEF9-DD2D53007B03}.Debug|Any CPU.ActiveCfg = Debug|Any CPU
		{2343E5C1-E532-4DF8-BEF9-DD2D53007B03}.Debug|Any CPU.Build.0 = Debug|Any CPU
		{2343E5C1-E532-4DF8-BEF9-DD2D53007B03}.Release|Any CPU.ActiveCfg = Release|Any CPU
		{2343E5C1-E532-4DF8-BEF9-DD2D53007B03}.Release|Any CPU.Build.0 = Release|Any CPU
		{111EE124-705D-4727-8FCC-8603059B98D5}.Debug|Any CPU.ActiveCfg = Debug|Any CPU
		{111EE124-705D-4727-8FCC-8603059B98D5}.Debug|Any CPU.Build.0 = Debug|Any CPU
		{111EE124-705D-4727-8FCC-8603059B98D5}.Release|Any CPU.ActiveCfg = Release|Any CPU
		{111EE124-705D-4727-8FCC-8603059B98D5}.Release|Any CPU.Build.0 = Release|Any CPU
		{0B705110-4003-4889-BE03-3F42A7DF51D1}.Debug|Any CPU.ActiveCfg = Debug|Any CPU
		{0B705110-4003-4889-BE03-3F42A7DF51D1}.Debug|Any CPU.Build.0 = Debug|Any CPU
		{0B705110-4003-4889-BE03-3F42A7DF51D1}.Release|Any CPU.ActiveCfg = Release|Any CPU
		{0B705110-4003-4889-BE03-3F42A7DF51D1}.Release|Any CPU.Build.0 = Release|Any CPU
		{4D992FF3-975C-49FB-9FA2-F9F450807A65}.Debug|Any CPU.ActiveCfg = Debug|Any CPU
		{4D992FF3-975C-49FB-9FA2-F9F450807A65}.Debug|Any CPU.Build.0 = Debug|Any CPU
		{4D992FF3-975C-49FB-9FA2-F9F450807A65}.Release|Any CPU.ActiveCfg = Release|Any CPU
		{4D992FF3-975C-49FB-9FA2-F9F450807A65}.Release|Any CPU.Build.0 = Release|Any CPU
		{E8B4ACF6-4E1A-428F-969B-821D26C8E3EA}.Debug|Any CPU.ActiveCfg = Debug|Any CPU
		{E8B4ACF6-4E1A-428F-969B-821D26C8E3EA}.Debug|Any CPU.Build.0 = Debug|Any CPU
		{E8B4ACF6-4E1A-428F-969B-821D26C8E3EA}.Release|Any CPU.ActiveCfg = Release|Any CPU
		{E8B4ACF6-4E1A-428F-969B-821D26C8E3EA}.Release|Any CPU.Build.0 = Release|Any CPU
		{58A752B5-486F-4F9A-9D6D-8C5EA772C54D}.Debug|Any CPU.ActiveCfg = Debug|Any CPU
		{58A752B5-486F-4F9A-9D6D-8C5EA772C54D}.Debug|Any CPU.Build.0 = Debug|Any CPU
		{58A752B5-486F-4F9A-9D6D-8C5EA772C54D}.Release|Any CPU.ActiveCfg = Release|Any CPU
		{58A752B5-486F-4F9A-9D6D-8C5EA772C54D}.Release|Any CPU.Build.0 = Release|Any CPU
	EndGlobalSection
	GlobalSection(SolutionProperties) = preSolution
		HideSolutionNode = FALSE
	EndGlobalSection
	GlobalSection(ExtensibilityGlobals) = postSolution
		SolutionGuid = {82C14C21-197A-42C5-ADCC-2FCFFD00B030}
	EndGlobalSection
EndGlobal
